
Microsoft Visual Studio Solution File, Format Version 12.00
# Visual Studio Version 17
VisualStudioVersion = 17.9.34728.123
MinimumVisualStudioVersion = 10.0.40219.1
Project("{9A19103F-16F7-4668-BE54-9A1E7A4F7556}") = "aoc-2019", "aoc-2019.csproj", "{BD9DC60C-2E70-4349-BE01-E2933C34283A}"
EndProject
Project("{FAE04EC0-301F-11D3-BF4B-00C04F79EFBC}") = "aoc-2019-test", "..\aoc-2019-test\aoc-2019-test.csproj", "{ED202A75-2E6D-43B6-8384-F912EB8BFAD0}"
EndProject
Global
	GlobalSection(SolutionConfigurationPlatforms) = preSolution
		Debug|Any CPU = Debug|Any CPU
		Release|Any CPU = Release|Any CPU
	EndGlobalSection
	GlobalSection(ProjectConfigurationPlatforms) = postSolution
		{BD9DC60C-2E70-4349-BE01-E2933C34283A}.Debug|Any CPU.ActiveCfg = Debug|Any CPU
		{BD9DC60C-2E70-4349-BE01-E2933C34283A}.Debug|Any CPU.Build.0 = Debug|Any CPU
		{BD9DC60C-2E70-4349-BE01-E2933C34283A}.Release|Any CPU.ActiveCfg = Release|Any CPU
		{BD9DC60C-2E70-4349-BE01-E2933C34283A}.Release|Any CPU.Build.0 = Release|Any CPU
		{ED202A75-2E6D-43B6-8384-F912EB8BFAD0}.Debug|Any CPU.ActiveCfg = Debug|Any CPU
		{ED202A75-2E6D-43B6-8384-F912EB8BFAD0}.Debug|Any CPU.Build.0 = Debug|Any CPU
		{ED202A75-2E6D-43B6-8384-F912EB8BFAD0}.Release|Any CPU.ActiveCfg = Release|Any CPU
		{ED202A75-2E6D-43B6-8384-F912EB8BFAD0}.Release|Any CPU.Build.0 = Release|Any CPU
	EndGlobalSection
	GlobalSection(SolutionProperties) = preSolution
		HideSolutionNode = FALSE
	EndGlobalSection
	GlobalSection(ExtensibilityGlobals) = postSolution
		SolutionGuid = {96DF7BD4-6F5A-43E9-9AC2-20DD7B9F7668}
	EndGlobalSection
EndGlobal
